
Microsoft Visual Studio Solution File, Format Version 12.00
# Visual Studio Version 17
VisualStudioVersion = 17.1.32228.430
MinimumVisualStudioVersion = 10.0.40219.1
Project("{FAE04EC0-301F-11D3-BF4B-00C04F79EFBC}") = "SpecFlowAcceptanceTest", "SpecFlowAcceptanceTest\SpecFlowAcceptanceTest.csproj", "{0FAD7298-A9F0-4DD4-9577-231249DB7C3C}"
EndProject
Global
	GlobalSection(SolutionConfigurationPlatforms) = preSolution
		Debug|Any CPU = Debug|Any CPU
		Release|Any CPU = Release|Any CPU
	EndGlobalSection
	GlobalSection(ProjectConfigurationPlatforms) = postSolution
		{0FAD7298-A9F0-4DD4-9577-231249DB7C3C}.Debug|Any CPU.ActiveCfg = Debug|Any CPU
		{0FAD7298-A9F0-4DD4-9577-231249DB7C3C}.Debug|Any CPU.Build.0 = Debug|Any CPU
		{0FAD7298-A9F0-4DD4-9577-231249DB7C3C}.Release|Any CPU.ActiveCfg = Release|Any CPU
		{0FAD7298-A9F0-4DD4-9577-231249DB7C3C}.Release|Any CPU.Build.0 = Release|Any CPU
	EndGlobalSection
	GlobalSection(SolutionProperties) = preSolution
		HideSolutionNode = FALSE
	EndGlobalSection
	GlobalSection(ExtensibilityGlobals) = postSolution
		SolutionGuid = {7E211A1C-3FA0-4972-91B4-9824A0815D3C}
	EndGlobalSection
EndGlobal
